
Microsoft Visual Studio Solution File, Format Version 12.00
# Visual Studio Version 17
VisualStudioVersion = 17.10.35122.118
MinimumVisualStudioVersion = 10.0.40219.1
Project("{9A19103F-16F7-4668-BE54-9A1E7A4F7556}") = "TheWarpZone.Web", "TheWarpZone.Web\TheWarpZone.Web.csproj", "{CC380866-3E9B-4CBC-B744-E41772CD791E}"
EndProject
Project("{9A19103F-16F7-4668-BE54-9A1E7A4F7556}") = "TheWarpZone.Data", "TheWarpZone.Data\TheWarpZone.Data.csproj", "{97DB9ADC-2360-4381-B4EC-947081E16594}"
EndProject
Project("{9A19103F-16F7-4668-BE54-9A1E7A4F7556}") = "TheWarpZone.Services", "TheWarpZone.Services\TheWarpZone.Services.csproj", "{849C64AA-FFF6-4A78-906A-252B38871076}"
EndProject
Project("{9A19103F-16F7-4668-BE54-9A1E7A4F7556}") = "TheWarpZone.Common", "TheWarpZone.Common\TheWarpZone.Common.csproj", "{9B2A6686-9A77-43C6-A33F-F841FA43E578}"
EndProject
Project("{FAE04EC0-301F-11D3-BF4B-00C04F79EFBC}") = "TheWarpZone.Services.Tests", "TheWarpZone.Services.Tests\TheWarpZone.Services.Tests.csproj", "{A3A70455-EB5B-4580-8B5D-FBACF97C7291}"
EndProject
Global
	GlobalSection(SolutionConfigurationPlatforms) = preSolution
		Debug|Any CPU = Debug|Any CPU
		Release|Any CPU = Release|Any CPU
	EndGlobalSection
	GlobalSection(ProjectConfigurationPlatforms) = postSolution
		{CC380866-3E9B-4CBC-B744-E41772CD791E}.Debug|Any CPU.ActiveCfg = Debug|Any CPU
		{CC380866-3E9B-4CBC-B744-E41772CD791E}.Debug|Any CPU.Build.0 = Debug|Any CPU
		{CC380866-3E9B-4CBC-B744-E41772CD791E}.Release|Any CPU.ActiveCfg = Release|Any CPU
		{CC380866-3E9B-4CBC-B744-E41772CD791E}.Release|Any CPU.Build.0 = Release|Any CPU
		{97DB9ADC-2360-4381-B4EC-947081E16594}.Debug|Any CPU.ActiveCfg = Debug|Any CPU
		{97DB9ADC-2360-4381-B4EC-947081E16594}.Debug|Any CPU.Build.0 = Debug|Any CPU
		{97DB9ADC-2360-4381-B4EC-947081E16594}.Release|Any CPU.ActiveCfg = Release|Any CPU
		{97DB9ADC-2360-4381-B4EC-947081E16594}.Release|Any CPU.Build.0 = Release|Any CPU
		{849C64AA-FFF6-4A78-906A-252B38871076}.Debug|Any CPU.ActiveCfg = Debug|Any CPU
		{849C64AA-FFF6-4A78-906A-252B38871076}.Debug|Any CPU.Build.0 = Debug|Any CPU
		{849C64AA-FFF6-4A78-906A-252B38871076}.Release|Any CPU.ActiveCfg = Release|Any CPU
		{849C64AA-FFF6-4A78-906A-252B38871076}.Release|Any CPU.Build.0 = Release|Any CPU
		{9B2A6686-9A77-43C6-A33F-F841FA43E578}.Debug|Any CPU.ActiveCfg = Debug|Any CPU
		{9B2A6686-9A77-43C6-A33F-F841FA43E578}.Debug|Any CPU.Build.0 = Debug|Any CPU
		{9B2A6686-9A77-43C6-A33F-F841FA43E578}.Release|Any CPU.ActiveCfg = Release|Any CPU
		{9B2A6686-9A77-43C6-A33F-F841FA43E578}.Release|Any CPU.Build.0 = Release|Any CPU
		{A3A70455-EB5B-4580-8B5D-FBACF97C7291}.Debug|Any CPU.ActiveCfg = Debug|Any CPU
		{A3A70455-EB5B-4580-8B5D-FBACF97C7291}.Debug|Any CPU.Build.0 = Debug|Any CPU
		{A3A70455-EB5B-4580-8B5D-FBACF97C7291}.Release|Any CPU.ActiveCfg = Release|Any CPU
		{A3A70455-EB5B-4580-8B5D-FBACF97C7291}.Release|Any CPU.Build.0 = Release|Any CPU
	EndGlobalSection
	GlobalSection(SolutionProperties) = preSolution
		HideSolutionNode = FALSE
	EndGlobalSection
	GlobalSection(ExtensibilityGlobals) = postSolution
		SolutionGuid = {2005C4F0-C5AF-49D7-AD8E-8785B06423CF}
	EndGlobalSection
EndGlobal
