
Microsoft Visual Studio Solution File, Format Version 12.00
# Visual Studio Version 17
VisualStudioVersion = 17.10.35122.118
MinimumVisualStudioVersion = 10.0.40219.1
Project("{FAE04EC0-301F-11D3-BF4B-00C04F79EFBC}") = "TheWarpZone.Web", "TheWarpZone.Web\TheWarpZone.Web.csproj", "{CC380866-3E9B-4CBC-B744-E41772CD791E}"
EndProject
Project("{FAE04EC0-301F-11D3-BF4B-00C04F79EFBC}") = "TheWarpZone.Data", "TheWarpZone.Data\TheWarpZone.Data.csproj", "{97DB9ADC-2360-4381-B4EC-947081E16594}"
EndProject
Project("{FAE04EC0-301F-11D3-BF4B-00C04F79EFBC}") = "TheWarpZone.Data.Models", "TheWarpZone.Data.Models\TheWarpZone.Data.Models.csproj", "{FF7098A1-6B45-4910-A51F-2069600607AC}"
EndProject
Project("{FAE04EC0-301F-11D3-BF4B-00C04F79EFBC}") = "TheWarpZone.Services", "TheWarpZone.Services\TheWarpZone.Services.csproj", "{849C64AA-FFF6-4A78-906A-252B38871076}"
EndProject
Global
	GlobalSection(SolutionConfigurationPlatforms) = preSolution
		Debug|Any CPU = Debug|Any CPU
		Release|Any CPU = Release|Any CPU
	EndGlobalSection
	GlobalSection(ProjectConfigurationPlatforms) = postSolution
		{CC380866-3E9B-4CBC-B744-E41772CD791E}.Debug|Any CPU.ActiveCfg = Debug|Any CPU
		{CC380866-3E9B-4CBC-B744-E41772CD791E}.Debug|Any CPU.Build.0 = Debug|Any CPU
		{CC380866-3E9B-4CBC-B744-E41772CD791E}.Release|Any CPU.ActiveCfg = Release|Any CPU
		{CC380866-3E9B-4CBC-B744-E41772CD791E}.Release|Any CPU.Build.0 = Release|Any CPU
		{97DB9ADC-2360-4381-B4EC-947081E16594}.Debug|Any CPU.ActiveCfg = Debug|Any CPU
		{97DB9ADC-2360-4381-B4EC-947081E16594}.Debug|Any CPU.Build.0 = Debug|Any CPU
		{97DB9ADC-2360-4381-B4EC-947081E16594}.Release|Any CPU.ActiveCfg = Release|Any CPU
		{97DB9ADC-2360-4381-B4EC-947081E16594}.Release|Any CPU.Build.0 = Release|Any CPU
		{FF7098A1-6B45-4910-A51F-2069600607AC}.Debug|Any CPU.ActiveCfg = Debug|Any CPU
		{FF7098A1-6B45-4910-A51F-2069600607AC}.Debug|Any CPU.Build.0 = Debug|Any CPU
		{FF7098A1-6B45-4910-A51F-2069600607AC}.Release|Any CPU.ActiveCfg = Release|Any CPU
		{FF7098A1-6B45-4910-A51F-2069600607AC}.Release|Any CPU.Build.0 = Release|Any CPU
		{849C64AA-FFF6-4A78-906A-252B38871076}.Debug|Any CPU.ActiveCfg = Debug|Any CPU
		{849C64AA-FFF6-4A78-906A-252B38871076}.Debug|Any CPU.Build.0 = Debug|Any CPU
		{849C64AA-FFF6-4A78-906A-252B38871076}.Release|Any CPU.ActiveCfg = Release|Any CPU
		{849C64AA-FFF6-4A78-906A-252B38871076}.Release|Any CPU.Build.0 = Release|Any CPU
	EndGlobalSection
	GlobalSection(SolutionProperties) = preSolution
		HideSolutionNode = FALSE
	EndGlobalSection
	GlobalSection(ExtensibilityGlobals) = postSolution
		SolutionGuid = {2005C4F0-C5AF-49D7-AD8E-8785B06423CF}
	EndGlobalSection
EndGlobal
